# THIS IS AN AUTOGENERATED FILE. DO NOT EDIT THIS FILE DIRECTLY.
# yarn lockfile v1


uikit@^3.6.22:
  version "3.6.22"
  resolved "https://registry.yarnpkg.com/uikit/-/uikit-3.6.22.tgz#bbf3d64f9715ec09b3dead80845f2784447d7048"
  integrity sha512-c8jz0lzvGPrPbOG4K5HvOCgUe7i9A6blZmMq2M/EYqoY7FT9dBayGFZYbBeio2s9WCpADIcCAj2QX/5L3EByOQ==
